
Microsoft Visual Studio Solution File, Format Version 12.00
# Visual Studio Version 16
VisualStudioVersion = 16.0.31729.503
MinimumVisualStudioVersion = 10.0.40219.1
Project("{FAE04EC0-301F-11D3-BF4B-00C04F79EFBC}") = "Day 7", "Day 7.csproj", "{AC273B2C-6523-4FA2-98F9-F91C3E3CA222}"
EndProject
Global
	GlobalSection(SolutionConfigurationPlatforms) = preSolution
		Debug|Any CPU = Debug|Any CPU
		Release|Any CPU = Release|Any CPU
	EndGlobalSection
	GlobalSection(ProjectConfigurationPlatforms) = postSolution
		{AC273B2C-6523-4FA2-98F9-F91C3E3CA222}.Debug|Any CPU.ActiveCfg = Debug|Any CPU
		{AC273B2C-6523-4FA2-98F9-F91C3E3CA222}.Debug|Any CPU.Build.0 = Debug|Any CPU
		{AC273B2C-6523-4FA2-98F9-F91C3E3CA222}.Release|Any CPU.ActiveCfg = Release|Any CPU
		{AC273B2C-6523-4FA2-98F9-F91C3E3CA222}.Release|Any CPU.Build.0 = Release|Any CPU
	EndGlobalSection
	GlobalSection(SolutionProperties) = preSolution
		HideSolutionNode = FALSE
	EndGlobalSection
	GlobalSection(ExtensibilityGlobals) = postSolution
		SolutionGuid = {C65343F8-2D0C-491A-A3E1-B8173159286C}
	EndGlobalSection
EndGlobal
