
Microsoft Visual Studio Solution File, Format Version 12.00
# Visual Studio Version 16
VisualStudioVersion = 16.0.31515.178
MinimumVisualStudioVersion = 10.0.40219.1
Project("{FAE04EC0-301F-11D3-BF4B-00C04F79EFBC}") = "Day 5", "Day 5.csproj", "{EE7EA5D1-3BA6-4A87-ADC3-9E9837A969F0}"
EndProject
Global
	GlobalSection(SolutionConfigurationPlatforms) = preSolution
		Debug|Any CPU = Debug|Any CPU
		Release|Any CPU = Release|Any CPU
	EndGlobalSection
	GlobalSection(ProjectConfigurationPlatforms) = postSolution
		{EE7EA5D1-3BA6-4A87-ADC3-9E9837A969F0}.Debug|Any CPU.ActiveCfg = Debug|Any CPU
		{EE7EA5D1-3BA6-4A87-ADC3-9E9837A969F0}.Debug|Any CPU.Build.0 = Debug|Any CPU
		{EE7EA5D1-3BA6-4A87-ADC3-9E9837A969F0}.Release|Any CPU.ActiveCfg = Release|Any CPU
		{EE7EA5D1-3BA6-4A87-ADC3-9E9837A969F0}.Release|Any CPU.Build.0 = Release|Any CPU
	EndGlobalSection
	GlobalSection(SolutionProperties) = preSolution
		HideSolutionNode = FALSE
	EndGlobalSection
	GlobalSection(ExtensibilityGlobals) = postSolution
		SolutionGuid = {32A87657-C107-483C-8247-1601A0BAEF11}
	EndGlobalSection
EndGlobal
