
Microsoft Visual Studio Solution File, Format Version 12.00
# Visual Studio Version 16
VisualStudioVersion = 16.0.31911.196
MinimumVisualStudioVersion = 10.0.40219.1
Project("{FAE04EC0-301F-11D3-BF4B-00C04F79EFBC}") = "Day 6", "Day 6.csproj", "{31CA9261-4CEB-47A7-BFCE-9A23E9539CD0}"
EndProject
Global
	GlobalSection(SolutionConfigurationPlatforms) = preSolution
		Debug|Any CPU = Debug|Any CPU
		Debug|x64 = Debug|x64
		Release|Any CPU = Release|Any CPU
		Release|x64 = Release|x64
	EndGlobalSection
	GlobalSection(ProjectConfigurationPlatforms) = postSolution
		{31CA9261-4CEB-47A7-BFCE-9A23E9539CD0}.Debug|Any CPU.ActiveCfg = Debug|Any CPU
		{31CA9261-4CEB-47A7-BFCE-9A23E9539CD0}.Debug|Any CPU.Build.0 = Debug|Any CPU
		{31CA9261-4CEB-47A7-BFCE-9A23E9539CD0}.Debug|x64.ActiveCfg = Debug|x64
		{31CA9261-4CEB-47A7-BFCE-9A23E9539CD0}.Debug|x64.Build.0 = Debug|x64
		{31CA9261-4CEB-47A7-BFCE-9A23E9539CD0}.Release|Any CPU.ActiveCfg = Release|Any CPU
		{31CA9261-4CEB-47A7-BFCE-9A23E9539CD0}.Release|Any CPU.Build.0 = Release|Any CPU
		{31CA9261-4CEB-47A7-BFCE-9A23E9539CD0}.Release|x64.ActiveCfg = Release|x64
		{31CA9261-4CEB-47A7-BFCE-9A23E9539CD0}.Release|x64.Build.0 = Release|x64
	EndGlobalSection
	GlobalSection(SolutionProperties) = preSolution
		HideSolutionNode = FALSE
	EndGlobalSection
	GlobalSection(ExtensibilityGlobals) = postSolution
		SolutionGuid = {83501C0E-FFA8-4EB6-8CE6-4C101E157881}
	EndGlobalSection
EndGlobal
